
Microsoft Visual Studio Solution File, Format Version 12.00
# Visual Studio Version 16
VisualStudioVersion = 16.0.31129.286
MinimumVisualStudioVersion = 15.0.26124.0
Project("{9A19103F-16F7-4668-BE54-9A1E7A4F7556}") = "API", "API\API.csproj", "{3911FDFA-CB13-45F0-998F-47ED284205EF}"
EndProject
Project("{9A19103F-16F7-4668-BE54-9A1E7A4F7556}") = "Infrastructure", "Infrastructure\Infrastructure.csproj", "{E387290B-2773-4E1D-B552-0CC5B2D0F03A}"
EndProject
Project("{FAE04EC0-301F-11D3-BF4B-00C04F79EFBC}") = "Application", "Application\Application.csproj", "{07732443-7F52-4AD7-9526-370A08A70177}"
EndProject
Project("{FAE04EC0-301F-11D3-BF4B-00C04F79EFBC}") = "Domain", "Domain\Domain.csproj", "{5C058B48-FF50-4227-B4E7-3ADA61299B23}"
EndProject
Project("{FAE04EC0-301F-11D3-BF4B-00C04F79EFBC}") = "Persistence", "Persistence\Persistence.csproj", "{13F2CD8C-7723-4CB7-86AC-B11E0DABEDD6}"
EndProject
Project("{FAE04EC0-301F-11D3-BF4B-00C04F79EFBC}") = "API-tests", "API-tests\API-tests.csproj", "{640644B0-CF52-483A-82DF-CA7EA7B0CF25}"
EndProject
Global
	GlobalSection(SolutionConfigurationPlatforms) = preSolution
		Debug|Any CPU = Debug|Any CPU
		Debug|x64 = Debug|x64
		Debug|x86 = Debug|x86
		Release|Any CPU = Release|Any CPU
		Release|x64 = Release|x64
		Release|x86 = Release|x86
	EndGlobalSection
	GlobalSection(ProjectConfigurationPlatforms) = postSolution
		{3911FDFA-CB13-45F0-998F-47ED284205EF}.Debug|Any CPU.ActiveCfg = Debug|Any CPU
		{3911FDFA-CB13-45F0-998F-47ED284205EF}.Debug|Any CPU.Build.0 = Debug|Any CPU
		{3911FDFA-CB13-45F0-998F-47ED284205EF}.Debug|x64.ActiveCfg = Debug|Any CPU
		{3911FDFA-CB13-45F0-998F-47ED284205EF}.Debug|x64.Build.0 = Debug|Any CPU
		{3911FDFA-CB13-45F0-998F-47ED284205EF}.Debug|x86.ActiveCfg = Debug|Any CPU
		{3911FDFA-CB13-45F0-998F-47ED284205EF}.Debug|x86.Build.0 = Debug|Any CPU
		{3911FDFA-CB13-45F0-998F-47ED284205EF}.Release|Any CPU.ActiveCfg = Release|Any CPU
		{3911FDFA-CB13-45F0-998F-47ED284205EF}.Release|Any CPU.Build.0 = Release|Any CPU
		{3911FDFA-CB13-45F0-998F-47ED284205EF}.Release|x64.ActiveCfg = Release|Any CPU
		{3911FDFA-CB13-45F0-998F-47ED284205EF}.Release|x64.Build.0 = Release|Any CPU
		{3911FDFA-CB13-45F0-998F-47ED284205EF}.Release|x86.ActiveCfg = Release|Any CPU
		{3911FDFA-CB13-45F0-998F-47ED284205EF}.Release|x86.Build.0 = Release|Any CPU
		{E387290B-2773-4E1D-B552-0CC5B2D0F03A}.Debug|Any CPU.ActiveCfg = Debug|Any CPU
		{E387290B-2773-4E1D-B552-0CC5B2D0F03A}.Debug|Any CPU.Build.0 = Debug|Any CPU
		{E387290B-2773-4E1D-B552-0CC5B2D0F03A}.Debug|x64.ActiveCfg = Debug|Any CPU
		{E387290B-2773-4E1D-B552-0CC5B2D0F03A}.Debug|x64.Build.0 = Debug|Any CPU
		{E387290B-2773-4E1D-B552-0CC5B2D0F03A}.Debug|x86.ActiveCfg = Debug|Any CPU
		{E387290B-2773-4E1D-B552-0CC5B2D0F03A}.Debug|x86.Build.0 = Debug|Any CPU
		{E387290B-2773-4E1D-B552-0CC5B2D0F03A}.Release|Any CPU.ActiveCfg = Release|Any CPU
		{E387290B-2773-4E1D-B552-0CC5B2D0F03A}.Release|Any CPU.Build.0 = Release|Any CPU
		{E387290B-2773-4E1D-B552-0CC5B2D0F03A}.Release|x64.ActiveCfg = Release|Any CPU
		{E387290B-2773-4E1D-B552-0CC5B2D0F03A}.Release|x64.Build.0 = Release|Any CPU
		{E387290B-2773-4E1D-B552-0CC5B2D0F03A}.Release|x86.ActiveCfg = Release|Any CPU
		{E387290B-2773-4E1D-B552-0CC5B2D0F03A}.Release|x86.Build.0 = Release|Any CPU
		{07732443-7F52-4AD7-9526-370A08A70177}.Debug|Any CPU.ActiveCfg = Debug|Any CPU
		{07732443-7F52-4AD7-9526-370A08A70177}.Debug|Any CPU.Build.0 = Debug|Any CPU
		{07732443-7F52-4AD7-9526-370A08A70177}.Debug|x64.ActiveCfg = Debug|Any CPU
		{07732443-7F52-4AD7-9526-370A08A70177}.Debug|x64.Build.0 = Debug|Any CPU
		{07732443-7F52-4AD7-9526-370A08A70177}.Debug|x86.ActiveCfg = Debug|Any CPU
		{07732443-7F52-4AD7-9526-370A08A70177}.Debug|x86.Build.0 = Debug|Any CPU
		{07732443-7F52-4AD7-9526-370A08A70177}.Release|Any CPU.ActiveCfg = Release|Any CPU
		{07732443-7F52-4AD7-9526-370A08A70177}.Release|Any CPU.Build.0 = Release|Any CPU
		{07732443-7F52-4AD7-9526-370A08A70177}.Release|x64.ActiveCfg = Release|Any CPU
		{07732443-7F52-4AD7-9526-370A08A70177}.Release|x64.Build.0 = Release|Any CPU
		{07732443-7F52-4AD7-9526-370A08A70177}.Release|x86.ActiveCfg = Release|Any CPU
		{07732443-7F52-4AD7-9526-370A08A70177}.Release|x86.Build.0 = Release|Any CPU
		{5C058B48-FF50-4227-B4E7-3ADA61299B23}.Debug|Any CPU.ActiveCfg = Debug|Any CPU
		{5C058B48-FF50-4227-B4E7-3ADA61299B23}.Debug|Any CPU.Build.0 = Debug|Any CPU
		{5C058B48-FF50-4227-B4E7-3ADA61299B23}.Debug|x64.ActiveCfg = Debug|Any CPU
		{5C058B48-FF50-4227-B4E7-3ADA61299B23}.Debug|x64.Build.0 = Debug|Any CPU
		{5C058B48-FF50-4227-B4E7-3ADA61299B23}.Debug|x86.ActiveCfg = Debug|Any CPU
		{5C058B48-FF50-4227-B4E7-3ADA61299B23}.Debug|x86.Build.0 = Debug|Any CPU
		{5C058B48-FF50-4227-B4E7-3ADA61299B23}.Release|Any CPU.ActiveCfg = Release|Any CPU
		{5C058B48-FF50-4227-B4E7-3ADA61299B23}.Release|Any CPU.Build.0 = Release|Any CPU
		{5C058B48-FF50-4227-B4E7-3ADA61299B23}.Release|x64.ActiveCfg = Release|Any CPU
		{5C058B48-FF50-4227-B4E7-3ADA61299B23}.Release|x64.Build.0 = Release|Any CPU
		{5C058B48-FF50-4227-B4E7-3ADA61299B23}.Release|x86.ActiveCfg = Release|Any CPU
		{5C058B48-FF50-4227-B4E7-3ADA61299B23}.Release|x86.Build.0 = Release|Any CPU
		{13F2CD8C-7723-4CB7-86AC-B11E0DABEDD6}.Debug|Any CPU.ActiveCfg = Debug|Any CPU
		{13F2CD8C-7723-4CB7-86AC-B11E0DABEDD6}.Debug|Any CPU.Build.0 = Debug|Any CPU
		{13F2CD8C-7723-4CB7-86AC-B11E0DABEDD6}.Debug|x64.ActiveCfg = Debug|Any CPU
		{13F2CD8C-7723-4CB7-86AC-B11E0DABEDD6}.Debug|x64.Build.0 = Debug|Any CPU
		{13F2CD8C-7723-4CB7-86AC-B11E0DABEDD6}.Debug|x86.ActiveCfg = Debug|Any CPU
		{13F2CD8C-7723-4CB7-86AC-B11E0DABEDD6}.Debug|x86.Build.0 = Debug|Any CPU
		{13F2CD8C-7723-4CB7-86AC-B11E0DABEDD6}.Release|Any CPU.ActiveCfg = Release|Any CPU
		{13F2CD8C-7723-4CB7-86AC-B11E0DABEDD6}.Release|Any CPU.Build.0 = Release|Any CPU
		{13F2CD8C-7723-4CB7-86AC-B11E0DABEDD6}.Release|x64.ActiveCfg = Release|Any CPU
		{13F2CD8C-7723-4CB7-86AC-B11E0DABEDD6}.Release|x64.Build.0 = Release|Any CPU
		{13F2CD8C-7723-4CB7-86AC-B11E0DABEDD6}.Release|x86.ActiveCfg = Release|Any CPU
		{13F2CD8C-7723-4CB7-86AC-B11E0DABEDD6}.Release|x86.Build.0 = Release|Any CPU
		{640644B0-CF52-483A-82DF-CA7EA7B0CF25}.Debug|Any CPU.ActiveCfg = Debug|Any CPU
		{640644B0-CF52-483A-82DF-CA7EA7B0CF25}.Debug|Any CPU.Build.0 = Debug|Any CPU
		{640644B0-CF52-483A-82DF-CA7EA7B0CF25}.Debug|x64.ActiveCfg = Debug|Any CPU
		{640644B0-CF52-483A-82DF-CA7EA7B0CF25}.Debug|x64.Build.0 = Debug|Any CPU
		{640644B0-CF52-483A-82DF-CA7EA7B0CF25}.Debug|x86.ActiveCfg = Debug|Any CPU
		{640644B0-CF52-483A-82DF-CA7EA7B0CF25}.Debug|x86.Build.0 = Debug|Any CPU
		{640644B0-CF52-483A-82DF-CA7EA7B0CF25}.Release|Any CPU.ActiveCfg = Release|Any CPU
		{640644B0-CF52-483A-82DF-CA7EA7B0CF25}.Release|Any CPU.Build.0 = Release|Any CPU
		{640644B0-CF52-483A-82DF-CA7EA7B0CF25}.Release|x64.ActiveCfg = Release|Any CPU
		{640644B0-CF52-483A-82DF-CA7EA7B0CF25}.Release|x64.Build.0 = Release|Any CPU
		{640644B0-CF52-483A-82DF-CA7EA7B0CF25}.Release|x86.ActiveCfg = Release|Any CPU
		{640644B0-CF52-483A-82DF-CA7EA7B0CF25}.Release|x86.Build.0 = Release|Any CPU
	EndGlobalSection
	GlobalSection(SolutionProperties) = preSolution
		HideSolutionNode = FALSE
	EndGlobalSection
	GlobalSection(ExtensibilityGlobals) = postSolution
		SolutionGuid = {8A4B495F-2B0D-487A-8444-07A97261134B}
	EndGlobalSection
EndGlobal
